
Microsoft Visual Studio Solution File, Format Version 12.00
# Visual Studio 14
VisualStudioVersion = 14.0.25123.0
MinimumVisualStudioVersion = 10.0.40219.1
Project("{FAE04EC0-301F-11D3-BF4B-00C04F79EFBC}") = "UWP.Chart", "UWP.Chart\UWP.Chart.csproj", "{CE80DAD9-1D35-41AD-BE2B-6FB813ABDACB}"
EndProject
Project("{FAE04EC0-301F-11D3-BF4B-00C04F79EFBC}") = "UWP.ChartSample", "UWP.ChartSample\UWP.ChartSample.csproj", "{0180CDA1-7B15-4797-A0F2-4FAABF97F53E}"
EndProject
Global
	GlobalSection(SolutionConfigurationPlatforms) = preSolution
		Debug|Any CPU = Debug|Any CPU
		Debug|ARM = Debug|ARM
		Debug|x64 = Debug|x64
		Debug|x86 = Debug|x86
		Release|Any CPU = Release|Any CPU
		Release|ARM = Release|ARM
		Release|x64 = Release|x64
		Release|x86 = Release|x86
	EndGlobalSection
	GlobalSection(ProjectConfigurationPlatforms) = postSolution
		{CE80DAD9-1D35-41AD-BE2B-6FB813ABDACB}.Debug|Any CPU.ActiveCfg = Debug|Any CPU
		{CE80DAD9-1D35-41AD-BE2B-6FB813ABDACB}.Debug|Any CPU.Build.0 = Debug|Any CPU
		{CE80DAD9-1D35-41AD-BE2B-6FB813ABDACB}.Debug|ARM.ActiveCfg = Debug|ARM
		{CE80DAD9-1D35-41AD-BE2B-6FB813ABDACB}.Debug|ARM.Build.0 = Debug|ARM
		{CE80DAD9-1D35-41AD-BE2B-6FB813ABDACB}.Debug|x64.ActiveCfg = Debug|x64
		{CE80DAD9-1D35-41AD-BE2B-6FB813ABDACB}.Debug|x64.Build.0 = Debug|x64
		{CE80DAD9-1D35-41AD-BE2B-6FB813ABDACB}.Debug|x86.ActiveCfg = Debug|x86
		{CE80DAD9-1D35-41AD-BE2B-6FB813ABDACB}.Debug|x86.Build.0 = Debug|x86
		{CE80DAD9-1D35-41AD-BE2B-6FB813ABDACB}.Release|Any CPU.ActiveCfg = Release|Any CPU
		{CE80DAD9-1D35-41AD-BE2B-6FB813ABDACB}.Release|Any CPU.Build.0 = Release|Any CPU
		{CE80DAD9-1D35-41AD-BE2B-6FB813ABDACB}.Release|ARM.ActiveCfg = Release|ARM
		{CE80DAD9-1D35-41AD-BE2B-6FB813ABDACB}.Release|ARM.Build.0 = Release|ARM
		{CE80DAD9-1D35-41AD-BE2B-6FB813ABDACB}.Release|x64.ActiveCfg = Release|x64
		{CE80DAD9-1D35-41AD-BE2B-6FB813ABDACB}.Release|x64.Build.0 = Release|x64
		{CE80DAD9-1D35-41AD-BE2B-6FB813ABDACB}.Release|x86.ActiveCfg = Release|x86
		{CE80DAD9-1D35-41AD-BE2B-6FB813ABDACB}.Release|x86.Build.0 = Release|x86
		{0180CDA1-7B15-4797-A0F2-4FAABF97F53E}.Debug|Any CPU.ActiveCfg = Debug|x86
		{0180CDA1-7B15-4797-A0F2-4FAABF97F53E}.Debug|ARM.ActiveCfg = Debug|ARM
		{0180CDA1-7B15-4797-A0F2-4FAABF97F53E}.Debug|ARM.Build.0 = Debug|ARM
		{0180CDA1-7B15-4797-A0F2-4FAABF97F53E}.Debug|ARM.Deploy.0 = Debug|ARM
		{0180CDA1-7B15-4797-A0F2-4FAABF97F53E}.Debug|x64.ActiveCfg = Debug|x64
		{0180CDA1-7B15-4797-A0F2-4FAABF97F53E}.Debug|x64.Build.0 = Debug|x64
		{0180CDA1-7B15-4797-A0F2-4FAABF97F53E}.Debug|x64.Deploy.0 = Debug|x64
		{0180CDA1-7B15-4797-A0F2-4FAABF97F53E}.Debug|x86.ActiveCfg = Debug|x86
		{0180CDA1-7B15-4797-A0F2-4FAABF97F53E}.Debug|x86.Build.0 = Debug|x86
		{0180CDA1-7B15-4797-A0F2-4FAABF97F53E}.Debug|x86.Deploy.0 = Debug|x86
		{0180CDA1-7B15-4797-A0F2-4FAABF97F53E}.Release|Any CPU.ActiveCfg = Release|x86
		{0180CDA1-7B15-4797-A0F2-4FAABF97F53E}.Release|ARM.ActiveCfg = Release|ARM
		{0180CDA1-7B15-4797-A0F2-4FAABF97F53E}.Release|ARM.Build.0 = Release|ARM
		{0180CDA1-7B15-4797-A0F2-4FAABF97F53E}.Release|ARM.Deploy.0 = Release|ARM
		{0180CDA1-7B15-4797-A0F2-4FAABF97F53E}.Release|x64.ActiveCfg = Release|x64
		{0180CDA1-7B15-4797-A0F2-4FAABF97F53E}.Release|x64.Build.0 = Release|x64
		{0180CDA1-7B15-4797-A0F2-4FAABF97F53E}.Release|x64.Deploy.0 = Release|x64
		{0180CDA1-7B15-4797-A0F2-4FAABF97F53E}.Release|x86.ActiveCfg = Release|x86
		{0180CDA1-7B15-4797-A0F2-4FAABF97F53E}.Release|x86.Build.0 = Release|x86
		{0180CDA1-7B15-4797-A0F2-4FAABF97F53E}.Release|x86.Deploy.0 = Release|x86
	EndGlobalSection
	GlobalSection(SolutionProperties) = preSolution
		HideSolutionNode = FALSE
	EndGlobalSection
EndGlobal
